
Microsoft Visual Studio Solution File, Format Version 12.00
# Visual Studio Version 17
VisualStudioVersion = 17.2.32616.157
MinimumVisualStudioVersion = 10.0.40219.1
Project("{FAE04EC0-301F-11D3-BF4B-00C04F79EFBC}") = "WebApplication8", "WebApplication8\WebApplication8.csproj", "{6814A22E-5A69-4E45-B054-6C6C1862376B}"
EndProject
Global
	GlobalSection(SolutionConfigurationPlatforms) = preSolution
		Debug|Any CPU = Debug|Any CPU
		Release|Any CPU = Release|Any CPU
	EndGlobalSection
	GlobalSection(ProjectConfigurationPlatforms) = postSolution
		{6814A22E-5A69-4E45-B054-6C6C1862376B}.Debug|Any CPU.ActiveCfg = Debug|Any CPU
		{6814A22E-5A69-4E45-B054-6C6C1862376B}.Debug|Any CPU.Build.0 = Debug|Any CPU
		{6814A22E-5A69-4E45-B054-6C6C1862376B}.Release|Any CPU.ActiveCfg = Release|Any CPU
		{6814A22E-5A69-4E45-B054-6C6C1862376B}.Release|Any CPU.Build.0 = Release|Any CPU
	EndGlobalSection
	GlobalSection(SolutionProperties) = preSolution
		HideSolutionNode = FALSE
	EndGlobalSection
	GlobalSection(ExtensibilityGlobals) = postSolution
		SolutionGuid = {56F03CC4-FDA8-4E0F-BD67-449C09B71D7E}
	EndGlobalSection
EndGlobal
